
Microsoft Visual Studio Solution File, Format Version 12.00
# Visual Studio Version 16
VisualStudioVersion = 16.0.31112.23
MinimumVisualStudioVersion = 10.0.40219.1
Project("{FAE04EC0-301F-11D3-BF4B-00C04F79EFBC}") = "WindowsFormsApp1", "WindowsFormsApp1\WindowsFormsApp1.csproj", "{571FAEF3-17A5-4EE2-9A29-CFB6B059C1BB}"
EndProject
Global
	GlobalSection(SolutionConfigurationPlatforms) = preSolution
		Debug|Any CPU = Debug|Any CPU
		Release|Any CPU = Release|Any CPU
	EndGlobalSection
	GlobalSection(ProjectConfigurationPlatforms) = postSolution
		{571FAEF3-17A5-4EE2-9A29-CFB6B059C1BB}.Debug|Any CPU.ActiveCfg = Debug|Any CPU
		{571FAEF3-17A5-4EE2-9A29-CFB6B059C1BB}.Debug|Any CPU.Build.0 = Debug|Any CPU
		{571FAEF3-17A5-4EE2-9A29-CFB6B059C1BB}.Release|Any CPU.ActiveCfg = Release|Any CPU
		{571FAEF3-17A5-4EE2-9A29-CFB6B059C1BB}.Release|Any CPU.Build.0 = Release|Any CPU
	EndGlobalSection
	GlobalSection(SolutionProperties) = preSolution
		HideSolutionNode = FALSE
	EndGlobalSection
	GlobalSection(ExtensibilityGlobals) = postSolution
		SolutionGuid = {640CE824-A8B6-4663-BF64-DF0D3AE422ED}
	EndGlobalSection
EndGlobal
